PODS:
  - Alamofire (5.2.2)
  - Nimble (8.1.2)
  - QueryKit (0.14.1)
  - Realm (3.21.0):
    - Realm/Headers (= 3.21.0)
  - Realm/Headers (3.21.0)
  - RealmSwift (3.21.0):
    - Realm (= 3.21.0)
  - RxAlamofire (5.6.1):
    - RxAlamofire/Core (= 5.6.1)
  - RxAlamofire/Core (5.6.1):
    - Alamofire (~> 5.2)
    - RxSwift (~> 5.1)
  - RxBlocking (5.1.1):
    - RxSwift (~> 5)
  - RxCocoa (5.1.1):
    - RxRelay (~> 5)
    - RxSwift (~> 5)
  - RxRealm (1.0.0):
    - RealmSwift (~> 3.14)
    - RxSwift (~> 5.0)
  - RxRelay (5.1.1):
    - RxSwift (~> 5)
  - RxSwift (5.1.1)
  - RxTest (5.1.1):
    - RxSwift (~> 5)

DEPENDENCIES:
  - Alamofire
  - Nimble
  - QueryKit
  - Realm (~> 3.15)
  - RealmSwift (~> 3.15)
  - RxAlamofire
  - RxBlocking
  - RxCocoa (~> 5.0)
  - RxRealm (~> 1.0.0)
  - RxSwift (~> 5.0)
  - RxTest

SPEC REPOS:
  trunk:
    - Alamofire
    - Nimble
    - QueryKit
    - Realm
    - RealmSwift
    - RxAlamofire
    - RxBlocking
    - RxCocoa
    - RxRealm
    - RxRelay
    - RxSwift
    - RxTest

SPEC CHECKSUMS:
  Alamofire: 814429acc853c6c54ff123fc3d2ef66803823ce0
  Nimble: 3864815b4703c7ebffba875973c70e854489fbae
  QueryKit: 60dae8ff75d5805f9c703c68c0ef4294c9dd7de6
  Realm: 38e9dcb19104b58407167d99f70d4995f7c16023
  RealmSwift: 3183cc1ad48378fbcd634311b22c0e6c44021152
  RxAlamofire: 0531dddf378c84270e97e897333678f1cfaec3ba
  RxBlocking: 5f700a78cad61ce253ebd37c9a39b5ccc76477b4
  RxCocoa: 32065309a38d29b5b0db858819b5bf9ef038b601
  RxRealm: 1e81dcfca1fb50c3e9b3e1f8102bc875c5156a2e
  RxRelay: d77f7d771495f43c556cbc43eebd1bb54d01e8e9
  RxSwift: 81470a2074fa8780320ea5fe4102807cb7118178
  RxTest: 711632d5644dffbeb62c936a521b5b008a1e1faa

PODFILE CHECKSUM: 3fe950084e8802fb5c8e702b7d49ccceb1bc42a6

COCOAPODS: 1.9.1
